{
  "name": "@adobe-commerce/aco-sample-catalog-data-ingestion",
  "version": "1.0.0",
  "lockfileVersion": 3,
  "requires": true,
  "packages": {
    "": {
      "name": "@adobe-commerce/aco-sample-catalog-data-ingestion",
      "version": "1.0.0",
      "dependencies": {
        "@adobe-commerce/aco-ts-sdk": "^0.4.0",
        "dotenv": "^16.5.0"
      }
    },
    "node_modules/@adobe-commerce/aco-ts-sdk": {
      "version": "0.4.0",
      "resolved": "https://artifactory.corp.adobe.com/artifactory/api/npm/npm-adobe-release/@adobe-commerce/aco-ts-sdk/-/aco-ts-sdk-0.4.0.tgz",
      "integrity": "sha512-sPxS65LPrfqACm1qmHdFA+4NZuKF4ofNhWC6IZkONPqoyCkg5HWDh1cNlkPf/+hLY+7cxDGKRTyzVH5XG873MQ==",
      "dependencies": {
        "dotenv": "^16.4.7",
        "ky": "^1.8.1"
      }
    },
    "node_modules/dotenv": {
      "version": "16.5.0",
      "resolved": "https://artifactory.corp.adobe.com/artifactory/api/npm/npm-adobe-release/dotenv/-/dotenv-16.5.0.tgz",
      "integrity": "sha512-m/C+AwOAr9/W1UOIZUo232ejMNnJAJtYQjUbHoNTBNTJSvqzzDh7vnrei3o3r3m9blf6ZoDkvcw0VmozNRFJxg==",
      "engines": {
        "node": ">=12"
      },
      "funding": {
        "url": "https://dotenvx.com"
      }
    },
    "node_modules/ky": {
      "version": "1.8.1",
      "resolved": "https://artifactory.corp.adobe.com/artifactory/api/npm/npm-adobe-release/ky/-/ky-1.8.1.tgz",
      "integrity": "sha512-7Bp3TpsE+L+TARSnnDpk3xg8Idi8RwSLdj6CMbNWoOARIrGrbuLGusV0dYwbZOm4bB3jHNxSw8Wk/ByDqJEnDw==",
      "engines": {
        "node": ">=18"
      },
      "funding": {
        "url": "https://github.com/sindresorhus/ky?sponsor=1"
      }
    }
  }
}
